
Microsoft Visual Studio Solution File, Format Version 12.00
# Visual Studio 15
VisualStudioVersion = 15.0.27703.2026
MinimumVisualStudioVersion = 10.0.40219.1
Project("{FAE04EC0-301F-11D3-BF4B-00C04F79EFBC}") = "Fitness.Repo", "Fitness.Repo\Fitness.Repo.csproj", "{2BA47357-D3EE-4A4D-A0D3-BEF263505E32}"
EndProject
Project("{FAE04EC0-301F-11D3-BF4B-00C04F79EFBC}") = "Fitness.Models", "Fitness.Models\Fitness.Models.csproj", "{E177A262-C0BC-4CB3-BA1A-71FCA9BD9E32}"
EndProject
Project("{FAE04EC0-301F-11D3-BF4B-00C04F79EFBC}") = "Fitness.Services", "Fitness.Services\Fitness.Services.csproj", "{A0FFE8DC-CE05-4195-8322-E9BC6D720159}"
EndProject
Project("{FAE04EC0-301F-11D3-BF4B-00C04F79EFBC}") = "Fitness.Web", "Fitness.Web\Fitness.Web.csproj", "{DE0938ED-C981-4E16-98E6-DF636570C5A1}"
EndProject
Global
	GlobalSection(SolutionConfigurationPlatforms) = preSolution
		Debug|Any CPU = Debug|Any CPU
		Release|Any CPU = Release|Any CPU
	EndGlobalSection
	GlobalSection(ProjectConfigurationPlatforms) = postSolution
		{2BA47357-D3EE-4A4D-A0D3-BEF263505E32}.Debug|Any CPU.ActiveCfg = Debug|Any CPU
		{2BA47357-D3EE-4A4D-A0D3-BEF263505E32}.Debug|Any CPU.Build.0 = Debug|Any CPU
		{2BA47357-D3EE-4A4D-A0D3-BEF263505E32}.Release|Any CPU.ActiveCfg = Release|Any CPU
		{2BA47357-D3EE-4A4D-A0D3-BEF263505E32}.Release|Any CPU.Build.0 = Release|Any CPU
		{E177A262-C0BC-4CB3-BA1A-71FCA9BD9E32}.Debug|Any CPU.ActiveCfg = Debug|Any CPU
		{E177A262-C0BC-4CB3-BA1A-71FCA9BD9E32}.Debug|Any CPU.Build.0 = Debug|Any CPU
		{E177A262-C0BC-4CB3-BA1A-71FCA9BD9E32}.Release|Any CPU.ActiveCfg = Release|Any CPU
		{E177A262-C0BC-4CB3-BA1A-71FCA9BD9E32}.Release|Any CPU.Build.0 = Release|Any CPU
		{A0FFE8DC-CE05-4195-8322-E9BC6D720159}.Debug|Any CPU.ActiveCfg = Debug|Any CPU
		{A0FFE8DC-CE05-4195-8322-E9BC6D720159}.Debug|Any CPU.Build.0 = Debug|Any CPU
		{A0FFE8DC-CE05-4195-8322-E9BC6D720159}.Release|Any CPU.ActiveCfg = Release|Any CPU
		{A0FFE8DC-CE05-4195-8322-E9BC6D720159}.Release|Any CPU.Build.0 = Release|Any CPU
		{DE0938ED-C981-4E16-98E6-DF636570C5A1}.Debug|Any CPU.ActiveCfg = Debug|Any CPU
		{DE0938ED-C981-4E16-98E6-DF636570C5A1}.Debug|Any CPU.Build.0 = Debug|Any CPU
		{DE0938ED-C981-4E16-98E6-DF636570C5A1}.Release|Any CPU.ActiveCfg = Release|Any CPU
		{DE0938ED-C981-4E16-98E6-DF636570C5A1}.Release|Any CPU.Build.0 = Release|Any CPU
	EndGlobalSection
	GlobalSection(SolutionProperties) = preSolution
		HideSolutionNode = FALSE
	EndGlobalSection
	GlobalSection(ExtensibilityGlobals) = postSolution
		SolutionGuid = {80CB02FF-3923-4130-8E6F-63AC77A491FD}
	EndGlobalSection
EndGlobal
